
Microsoft Visual Studio Solution File, Format Version 12.00
# Visual Studio Version 17
VisualStudioVersion = 17.12.35707.178
MinimumVisualStudioVersion = 10.0.40219.1
Project("{8BC9CEB8-8B4A-11D0-8D11-00A0C91BC942}") = "Graphene", "Graphene\Graphene.vcxproj", "{CA45225F-33CC-451F-8F53-E4C438BA1E59}"
EndProject
Project("{8BC9CEB8-8B4A-11D0-8D11-00A0C91BC942}") = "Sandbox", "Sandbox\Sandbox.vcxproj", "{624D658D-FE15-4CB3-8DAD-7E7EB19CA335}"
EndProject
Project("{8BC9CEB8-8B4A-11D0-8D11-00A0C91BC942}") = "GLFW", "Graphene\dep\glfw-3.4\GLFW\GLFW.vcxproj", "{0FD02C2A-D8F3-49C4-AB75-1DC32E52FB5E}"
EndProject
Global
	GlobalSection(SolutionConfigurationPlatforms) = preSolution
		Debug|ARM = Debug|ARM
		Debug|x64 = Debug|x64
		Debug|x86 = Debug|x86
		Release|ARM = Release|ARM
		Release|x64 = Release|x64
		Release|x86 = Release|x86
	EndGlobalSection
	GlobalSection(ProjectConfigurationPlatforms) = postSolution
		{CA45225F-33CC-451F-8F53-E4C438BA1E59}.Debug|ARM.ActiveCfg = Debug|x64
		{CA45225F-33CC-451F-8F53-E4C438BA1E59}.Debug|ARM.Build.0 = Debug|x64
		{CA45225F-33CC-451F-8F53-E4C438BA1E59}.Debug|x64.ActiveCfg = Debug|x64
		{CA45225F-33CC-451F-8F53-E4C438BA1E59}.Debug|x64.Build.0 = Debug|x64
		{CA45225F-33CC-451F-8F53-E4C438BA1E59}.Debug|x86.ActiveCfg = Debug|Win32
		{CA45225F-33CC-451F-8F53-E4C438BA1E59}.Debug|x86.Build.0 = Debug|Win32
		{CA45225F-33CC-451F-8F53-E4C438BA1E59}.Release|ARM.ActiveCfg = Release|x64
		{CA45225F-33CC-451F-8F53-E4C438BA1E59}.Release|ARM.Build.0 = Release|x64
		{CA45225F-33CC-451F-8F53-E4C438BA1E59}.Release|x64.ActiveCfg = Release|x64
		{CA45225F-33CC-451F-8F53-E4C438BA1E59}.Release|x64.Build.0 = Release|x64
		{CA45225F-33CC-451F-8F53-E4C438BA1E59}.Release|x86.ActiveCfg = Release|Win32
		{CA45225F-33CC-451F-8F53-E4C438BA1E59}.Release|x86.Build.0 = Release|Win32
		{624D658D-FE15-4CB3-8DAD-7E7EB19CA335}.Debug|ARM.ActiveCfg = Debug|x64
		{624D658D-FE15-4CB3-8DAD-7E7EB19CA335}.Debug|ARM.Build.0 = Debug|x64
		{624D658D-FE15-4CB3-8DAD-7E7EB19CA335}.Debug|x64.ActiveCfg = Debug|x64
		{624D658D-FE15-4CB3-8DAD-7E7EB19CA335}.Debug|x64.Build.0 = Debug|x64
		{624D658D-FE15-4CB3-8DAD-7E7EB19CA335}.Debug|x86.ActiveCfg = Debug|Win32
		{624D658D-FE15-4CB3-8DAD-7E7EB19CA335}.Debug|x86.Build.0 = Debug|Win32
		{624D658D-FE15-4CB3-8DAD-7E7EB19CA335}.Release|ARM.ActiveCfg = Release|x64
		{624D658D-FE15-4CB3-8DAD-7E7EB19CA335}.Release|ARM.Build.0 = Release|x64
		{624D658D-FE15-4CB3-8DAD-7E7EB19CA335}.Release|x64.ActiveCfg = Release|x64
		{624D658D-FE15-4CB3-8DAD-7E7EB19CA335}.Release|x64.Build.0 = Release|x64
		{624D658D-FE15-4CB3-8DAD-7E7EB19CA335}.Release|x86.ActiveCfg = Release|Win32
		{624D658D-FE15-4CB3-8DAD-7E7EB19CA335}.Release|x86.Build.0 = Release|Win32
		{0FD02C2A-D8F3-49C4-AB75-1DC32E52FB5E}.Debug|ARM.ActiveCfg = Debug|ARM
		{0FD02C2A-D8F3-49C4-AB75-1DC32E52FB5E}.Debug|ARM.Build.0 = Debug|ARM
		{0FD02C2A-D8F3-49C4-AB75-1DC32E52FB5E}.Debug|x64.ActiveCfg = Debug|x64
		{0FD02C2A-D8F3-49C4-AB75-1DC32E52FB5E}.Debug|x64.Build.0 = Debug|x64
		{0FD02C2A-D8F3-49C4-AB75-1DC32E52FB5E}.Debug|x86.ActiveCfg = Debug|Win32
		{0FD02C2A-D8F3-49C4-AB75-1DC32E52FB5E}.Debug|x86.Build.0 = Debug|Win32
		{0FD02C2A-D8F3-49C4-AB75-1DC32E52FB5E}.Release|ARM.ActiveCfg = Release|ARM
		{0FD02C2A-D8F3-49C4-AB75-1DC32E52FB5E}.Release|ARM.Build.0 = Release|ARM
		{0FD02C2A-D8F3-49C4-AB75-1DC32E52FB5E}.Release|x64.ActiveCfg = Release|x64
		{0FD02C2A-D8F3-49C4-AB75-1DC32E52FB5E}.Release|x64.Build.0 = Release|x64
		{0FD02C2A-D8F3-49C4-AB75-1DC32E52FB5E}.Release|x86.ActiveCfg = Release|Win32
		{0FD02C2A-D8F3-49C4-AB75-1DC32E52FB5E}.Release|x86.Build.0 = Release|Win32
	EndGlobalSection
	GlobalSection(SolutionProperties) = preSolution
		HideSolutionNode = FALSE
	EndGlobalSection
EndGlobal
